{
  "name": "syncopate",
  "lockfileVersion": 3,
  "requires": true,
  "packages": {
    "": {
      "dependencies": {
        "wavesurfer.js": "^7.9.1"
      },
      "devDependencies": {
        "prettier": "^3.5.3"
      }
    },
    "node_modules/prettier": {
      "version": "3.5.3",
      "resolved": "https://registry.npmjs.org/prettier/-/prettier-3.5.3.tgz",
      "integrity": "sha512-QQtaxnoDJeAkDvDKWCLiwIXkTgRhwYDEQCghU9Z6q03iyek/rxRh/2lC3HB7P8sWT2xC/y5JDctPLBIGzHKbhw==",
      "dev": true,
      "license": "MIT",
      "bin": {
        "prettier": "bin/prettier.cjs"
      },
      "engines": {
        "node": ">=14"
      },
      "funding": {
        "url": "https://github.com/prettier/prettier?sponsor=1"
      }
    },
    "node_modules/wavesurfer.js": {
      "version": "7.9.1",
      "resolved": "https://registry.npmjs.org/wavesurfer.js/-/wavesurfer.js-7.9.1.tgz",
      "integrity": "sha512-+pG8X9c9BrfAW8KR54OPzZcAj/57sOL08He/tc6/7Mt6NCX3IfDFwexQxXVTILggGZUOUk7tFKfny32yGrysKA==",
      "license": "BSD-3-Clause"
    }
  }
}
